
Microsoft Visual Studio Solution File, Format Version 12.00
# Visual Studio Version 17
VisualStudioVersion = 17.1.32228.430
MinimumVisualStudioVersion = 10.0.40219.1
Project("{FAE04EC0-301F-11D3-BF4B-00C04F79EFBC}") = "Hamazon_Server", "Hamazon_Server\Hamazon_Server.csproj", "{F2658973-8AE4-4761-A378-0B48FBA26EAD}"
EndProject
Global
	GlobalSection(SolutionConfigurationPlatforms) = preSolution
		Debug|Any CPU = Debug|Any CPU
		Release|Any CPU = Release|Any CPU
	EndGlobalSection
	GlobalSection(ProjectConfigurationPlatforms) = postSolution
		{F2658973-8AE4-4761-A378-0B48FBA26EAD}.Debug|Any CPU.ActiveCfg = Debug|Any CPU
		{F2658973-8AE4-4761-A378-0B48FBA26EAD}.Debug|Any CPU.Build.0 = Debug|Any CPU
		{F2658973-8AE4-4761-A378-0B48FBA26EAD}.Release|Any CPU.ActiveCfg = Release|Any CPU
		{F2658973-8AE4-4761-A378-0B48FBA26EAD}.Release|Any CPU.Build.0 = Release|Any CPU
	EndGlobalSection
	GlobalSection(SolutionProperties) = preSolution
		HideSolutionNode = FALSE
	EndGlobalSection
	GlobalSection(ExtensibilityGlobals) = postSolution
		SolutionGuid = {735C8029-1A2E-4520-BABB-0FF827941A4E}
	EndGlobalSection
EndGlobal
